// !$*UTF8*$!
{
	archiveVersion = 1;
	classes = {
	};
	objectVersion = 77;
	objects = {

/* Begin PBXContainerItemProxy section */
		F63790F72E4C3D9600F732A5 /* PBXContainerItemProxy */ = {
			isa = PBXContainerItemProxy;
			containerPortal = F63790DD2E4C3D9500F732A5 /* Project object */;
			proxyType = 1;
			remoteGlobalIDString = F63790E42E4C3D9500F732A5;
			remoteInfo = DeltaToast;
		};
		F63791012E4C3D9600F732A5 /* PBXContainerItemProxy */ = {
			isa = PBXContainerItemProxy;
			containerPortal = F63790DD2E4C3D9500F732A5 /* Project object */;
			proxyType = 1;
			remoteGlobalIDString = F63790E42E4C3D9500F732A5;
			remoteInfo = DeltaToast;
		};
/* End PBXContainerItemProxy section */

/* Begin PBXFileReference section */
		F63790E52E4C3D9500F732A5 /* DeltaToast.app */ = {isa = PBXFileReference; explicitFileType = wrapper.application; includeInIndex = 0; path = DeltaToast.app; sourceTree = BUILT_PRODUCTS_DIR; };
		F63790F62E4C3D9600F732A5 /* DeltaToastTests.xctest */ = {isa = PBXFileReference; explicitFileType = wrapper.cfbundle; includeInIndex = 0; path = DeltaToastTests.xctest; sourceTree = BUILT_PRODUCTS_DIR; };
		F63791002E4C3D9600F732A5 /* DeltaToastUITests.xctest */ = {isa = PBXFileReference; explicitFileType = wrapper.cfbundle; includeInIndex = 0; path = DeltaToastUITests.xctest; sourceTree = BUILT_PRODUCTS_DIR; };
		F63791262E4C616D00F732A5 /* MediaRemote.framework */ = {isa = PBXFileReference; lastKnownFileType = wrapper.framework; name = MediaRemote.framework; path = ../../../../System/Library/PrivateFrameworks/MediaRemote.framework; sourceTree = "<group>"; };
/* End PBXFileReference section */

/* Begin PBXFileSystemSynchronizedBuildFileExceptionSet section */
		F690241F2E4D857B0006CD08 /* Exceptions for "DeltaToast" folder in "DeltaToast" target */ = {
			isa = PBXFileSystemSynchronizedBuildFileExceptionSet;
			membershipExceptions = (
				Info.plist,
			);
			target = F63790E42E4C3D9500F732A5 /* DeltaToast */;
		};
/* End PBXFileSystemSynchronizedBuildFileExceptionSet section */

/* Begin PBXFileSystemSynchronizedRootGroup section */
		F63790E72E4C3D9500F732A5 /* DeltaToast */ = {
			isa = PBXFileSystemSynchronizedRootGroup;
			exceptions = (
				F690241F2E4D857B0006CD08 /* Exceptions for "DeltaToast" folder in "DeltaToast" target */,
			);
			path = DeltaToast;
			sourceTree = "<group>";
		};
		F63790F92E4C3D9600F732A5 /* DeltaToastTests */ = {
			isa = PBXFileSystemSynchronizedRootGroup;
			path = DeltaToastTests;
			sourceTree = "<group>";
		};
		F63791032E4C3D9600F732A5 /* DeltaToastUITests */ = {
			isa = PBXFileSystemSynchronizedRootGroup;
			path = DeltaToastUITests;
			sourceTree = "<group>";
		};
/* End PBXFileSystemSynchronizedRootGroup section */

/* Begin PBXFrameworksBuildPhase section */
		F63790E22E4C3D9500F732A5 /* Frameworks */ = {
			isa = PBXFrameworksBuildPhase;
			buildActionMask = 2147483647;
			files = (
			);
			runOnlyForDeploymentPostprocessing = 0;
		};
		F63790F32E4C3D9600F732A5 /* Frameworks */ = {
			isa = PBXFrameworksBuildPhase;
			buildActionMask = 2147483647;
			files = (
			);
			runOnlyForDeploymentPostprocessing = 0;
		};
		F63790FD2E4C3D9600F732A5 /* Frameworks */ = {
			isa = PBXFrameworksBuildPhase;
			buildActionMask = 2147483647;
			files = (
			);
			runOnlyForDeploymentPostprocessing = 0;
		};
/* End PBXFrameworksBuildPhase section */

/* Begin PBXGroup section */
		F63790DC2E4C3D9500F732A5 = {
			isa = PBXGroup;
			children = (
				F63790E72E4C3D9500F732A5 /* DeltaToast */,
				F63790F92E4C3D9600F732A5 /* DeltaToastTests */,
				F63791032E4C3D9600F732A5 /* DeltaToastUITests */,
				F63791182E4C3FE900F732A5 /* Frameworks */,
				F63790E62E4C3D9500F732A5 /* Products */,
			);
			sourceTree = "<group>";
		};
		F63790E62E4C3D9500F732A5 /* Products */ = {
			isa = PBXGroup;
			children = (
				F63790E52E4C3D9500F732A5 /* DeltaToast.app */,
				F63790F62E4C3D9600F732A5 /* DeltaToastTests.xctest */,
				F63791002E4C3D9600F732A5 /* DeltaToastUITests.xctest */,
			);
			name = Products;
			sourceTree = "<group>";
		};
		F63791182E4C3FE900F732A5 /* Frameworks */ = {
			isa = PBXGroup;
			children = (
				F63791262E4C616D00F732A5 /* MediaRemote.framework */,
			);
			name = Frameworks;
			sourceTree = "<group>";
		};
/* End PBXGroup section */

/* Begin PBXNativeTarget section */
		F63790E42E4C3D9500F732A5 /* DeltaToast */ = {
			isa = PBXNativeTarget;
			buildConfigurationList = F637910A2E4C3D9600F732A5 /* Build configuration list for PBXNativeTarget "DeltaToast" */;
			buildPhases = (
				F63790E12E4C3D9500F732A5 /* Sources */,
				F63790E22E4C3D9500F732A5 /* Frameworks */,
				F63790E32E4C3D9500F732A5 /* Resources */,
			);
			buildRules = (
			);
			dependencies = (
			);
			fileSystemSynchronizedGroups = (
				F63790E72E4C3D9500F732A5 /* DeltaToast */,
			);
			name = DeltaToast;
			packageProductDependencies = (
			);
			productName = DeltaToast;
			productReference = F63790E52E4C3D9500F732A5 /* DeltaToast.app */;
			productType = "com.apple.product-type.application";
		};
		F63790F52E4C3D9600F732A5 /* DeltaToastTests */ = {
			isa = PBXNativeTarget;
			buildConfigurationList = F637910D2E4C3D9600F732A5 /* Build configuration list for PBXNativeTarget "DeltaToastTests" */;
			buildPhases = (
				F63790F22E4C3D9600F732A5 /* Sources */,
				F63790F32E4C3D9600F732A5 /* Frameworks */,
				F63790F42E4C3D9600F732A5 /* Resources */,
			);
			buildRules = (
			);
			dependencies = (
				F63790F82E4C3D9600F732A5 /* PBXTargetDependency */,
			);
			fileSystemSynchronizedGroups = (
				F63790F92E4C3D9600F732A5 /* DeltaToastTests */,
			);
			name = DeltaToastTests;
			packageProductDependencies = (
			);
			productName = DeltaToastTests;
			productReference = F63790F62E4C3D9600F732A5 /* DeltaToastTests.xctest */;
			productType = "com.apple.product-type.bundle.unit-test";
		};
		F63790FF2E4C3D9600F732A5 /* DeltaToastUITests */ = {
			isa = PBXNativeTarget;
			buildConfigurationList = F63791102E4C3D9600F732A5 /* Build configuration list for PBXNativeTarget "DeltaToastUITests" */;
			buildPhases = (
				F63790FC2E4C3D9600F732A5 /* Sources */,
				F63790FD2E4C3D9600F732A5 /* Frameworks */,
				F63790FE2E4C3D9600F732A5 /* Resources */,
			);
			buildRules = (
			);
			dependencies = (
				F63791022E4C3D9600F732A5 /* PBXTargetDependency */,
			);
			fileSystemSynchronizedGroups = (
				F63791032E4C3D9600F732A5 /* DeltaToastUITests */,
			);
			name = DeltaToastUITests;
			packageProductDependencies = (
			);
			productName = DeltaToastUITests;
			productReference = F63791002E4C3D9600F732A5 /* DeltaToastUITests.xctest */;
			productType = "com.apple.product-type.bundle.ui-testing";
		};
/* End PBXNativeTarget section */

/* Begin PBXProject section */
		F63790DD2E4C3D9500F732A5 /* Project object */ = {
			isa = PBXProject;
			attributes = {
				BuildIndependentTargetsInParallel = 1;
				LastSwiftUpdateCheck = 1600;
				LastUpgradeCheck = 1600;
				TargetAttributes = {
					F63790E42E4C3D9500F732A5 = {
						CreatedOnToolsVersion = 16.0;
					};
					F63790F52E4C3D9600F732A5 = {
						CreatedOnToolsVersion = 16.0;
						TestTargetID = F63790E42E4C3D9500F732A5;
					};
					F63790FF2E4C3D9600F732A5 = {
						CreatedOnToolsVersion = 16.0;
						TestTargetID = F63790E42E4C3D9500F732A5;
					};
				};
			};
			buildConfigurationList = F63790E02E4C3D9500F732A5 /* Build configuration list for PBXProject "DeltaToast" */;
			developmentRegion = en;
			hasScannedForEncodings = 0;
			knownRegions = (
				en,
				Base,
			);
			mainGroup = F63790DC2E4C3D9500F732A5;
			minimizedProjectReferenceProxies = 1;
			packageReferences = (
			);
			preferredProjectObjectVersion = 77;
			productRefGroup = F63790E62E4C3D9500F732A5 /* Products */;
			projectDirPath = "";
			projectRoot = "";
			targets = (
				F63790E42E4C3D9500F732A5 /* DeltaToast */,
				F63790F52E4C3D9600F732A5 /* DeltaToastTests */,
				F63790FF2E4C3D9600F732A5 /* DeltaToastUITests */,
			);
		};
/* End PBXProject section */

/* Begin PBXResourcesBuildPhase section */
		F63790E32E4C3D9500F732A5 /* Resources */ = {
			isa = PBXResourcesBuildPhase;
			buildActionMask = 2147483647;
			files = (
			);
			runOnlyForDeploymentPostprocessing = 0;
		};
		F63790F42E4C3D9600F732A5 /* Resources */ = {
			isa = PBXResourcesBuildPhase;
			buildActionMask = 2147483647;
			files = (
			);
			runOnlyForDeploymentPostprocessing = 0;
		};
		F63790FE2E4C3D9600F732A5 /* Resources */ = {
			isa = PBXResourcesBuildPhase;
			buildActionMask = 2147483647;
			files = (
			);
			runOnlyForDeploymentPostprocessing = 0;
		};
/* End PBXResourcesBuildPhase section */

/* Begin PBXSourcesBuildPhase section */
		F63790E12E4C3D9500F732A5 /* Sources */ = {
			isa = PBXSourcesBuildPhase;
			buildActionMask = 2147483647;
			files = (
			);
			runOnlyForDeploymentPostprocessing = 0;
		};
		F63790F22E4C3D9600F732A5 /* Sources */ = {
			isa = PBXSourcesBuildPhase;
			buildActionMask = 2147483647;
			files = (
			);
			runOnlyForDeploymentPostprocessing = 0;
		};
		F63790FC2E4C3D9600F732A5 /* Sources */ = {
			isa = PBXSourcesBuildPhase;
			buildActionMask = 2147483647;
			files = (
			);
			runOnlyForDeploymentPostprocessing = 0;
		};
/* End PBXSourcesBuildPhase section */

/* Begin PBXTargetDependency section */
		F63790F82E4C3D9600F732A5 /* PBXTargetDependency */ = {
			isa = PBXTargetDependency;
			target = F63790E42E4C3D9500F732A5 /* DeltaToast */;
			targetProxy = F63790F72E4C3D9600F732A5 /* PBXContainerItemProxy */;
		};
		F63791022E4C3D9600F732A5 /* PBXTargetDependency */ = {
			isa = PBXTargetDependency;
			target = F63790E42E4C3D9500F732A5 /* DeltaToast */;
			targetProxy = F63791012E4C3D9600F732A5 /* PBXContainerItemProxy */;
		};
/* End PBXTargetDependency section */

/* Begin XCBuildConfiguration section */
		F63791082E4C3D9600F732A5 /* Debug */ = {
			isa = XCBuildConfiguration;
			buildSettings = {
				ALWAYS_SEARCH_USER_PATHS = NO;
				ASSETCATALOG_COMPILER_GENERATE_SWIFT_ASSET_SYMBOL_EXTENSIONS = YES;
				CLANG_ANALYZER_NONNULL = YES;
				CLANG_ANALYZER_NUMBER_OBJECT_CONVERSION = YES_AGGRESSIVE;
				CLANG_CXX_LANGUAGE_STANDARD = "gnu++20";
				CLANG_ENABLE_MODULES = YES;
				CLANG_ENABLE_OBJC_ARC = YES;
				CLANG_ENABLE_OBJC_WEAK = YES;
				CLANG_WARN_BLOCK_CAPTURE_AUTORELEASING = YES;
				CLANG_WARN_BOOL_CONVERSION = YES;
				CLANG_WARN_COMMA = YES;
				CLANG_WARN_CONSTANT_CONVERSION = YES;
				CLANG_WARN_DEPRECATED_OBJC_IMPLEMENTATIONS = YES;
				CLANG_WARN_DIRECT_OBJC_ISA_USAGE = YES_ERROR;
				CLANG_WARN_DOCUMENTATION_COMMENTS = YES;
				CLANG_WARN_EMPTY_BODY = YES;
				CLANG_WARN_ENUM_CONVERSION = YES;
				CLANG_WARN_INFINITE_RECURSION = YES;
				CLANG_WARN_INT_CONVERSION = YES;
				CLANG_WARN_NON_LITERAL_NULL_CONVERSION = YES;
				CLANG_WARN_OBJC_IMPLICIT_RETAIN_SELF = YES;
				CLANG_WARN_OBJC_LITERAL_CONVERSION = YES;
				CLANG_WARN_OBJC_ROOT_CLASS = YES_ERROR;
				CLANG_WARN_QUOTED_INCLUDE_IN_FRAMEWORK_HEADER = YES;
				CLANG_WARN_RANGE_LOOP_ANALYSIS = YES;
				CLANG_WARN_STRICT_PROTOTYPES = YES;
				CLANG_WARN_SUSPICIOUS_MOVE = YES;
				CLANG_WARN_UNGUARDED_AVAILABILITY = YES_AGGRESSIVE;
				CLANG_WARN_UNREACHABLE_CODE = YES;
				CLANG_WARN__DUPLICATE_METHOD_MATCH = YES;
				COPY_PHASE_STRIP = NO;
				DEBUG_INFORMATION_FORMAT = dwarf;
				ENABLE_STRICT_OBJC_MSGSEND = YES;
				ENABLE_TESTABILITY = YES;
				ENABLE_USER_SCRIPT_SANDBOXING = YES;
				GCC_C_LANGUAGE_STANDARD = gnu17;
				GCC_DYNAMIC_NO_PIC = NO;
				GCC_NO_COMMON_BLOCKS = YES;
				GCC_OPTIMIZATION_LEVEL = 0;
				GCC_PREPROCESSOR_DEFINITIONS = (
					"DEBUG=1",
					"$(inherited)",
				);
				GCC_WARN_64_TO_32_BIT_CONVERSION = YES;
				GCC_WARN_ABOUT_RETURN_TYPE = YES_ERROR;
				GCC_WARN_UNDECLARED_SELECTOR = YES;
				GCC_WARN_UNINITIALIZED_AUTOS = YES_AGGRESSIVE;
				GCC_WARN_UNUSED_FUNCTION = YES;
				GCC_WARN_UNUSED_VARIABLE = YES;
				LOCALIZATION_PREFERS_STRING_CATALOGS = YES;
				MACOSX_DEPLOYMENT_TARGET = 15.0;
				MTL_ENABLE_DEBUG_INFO = INCLUDE_SOURCE;
				MTL_FAST_MATH = YES;
				ONLY_ACTIVE_ARCH = YES;
				SDKROOT = macosx;
				SWIFT_ACTIVE_COMPILATION_CONDITIONS = "DEBUG $(inherited)";
				SWIFT_OPTIMIZATION_LEVEL = "-Onone";
			};
			name = Debug;
		};
		F63791092E4C3D9600F732A5 /* Release */ = {
			isa = XCBuildConfiguration;
			buildSettings = {
				ALWAYS_SEARCH_USER_PATHS = NO;
				ASSETCATALOG_COMPILER_GENERATE_SWIFT_ASSET_SYMBOL_EXTENSIONS = YES;
				CLANG_ANALYZER_NONNULL = YES;
				CLANG_ANALYZER_NUMBER_OBJECT_CONVERSION = YES_AGGRESSIVE;
				CLANG_CXX_LANGUAGE_STANDARD = "gnu++20";
				CLANG_ENABLE_MODULES = YES;
				CLANG_ENABLE_OBJC_ARC = YES;
				CLANG_ENABLE_OBJC_WEAK = YES;
				CLANG_WARN_BLOCK_CAPTURE_AUTORELEASING = YES;
				CLANG_WARN_BOOL_CONVERSION = YES;
				CLANG_WARN_COMMA = YES;
				CLANG_WARN_CONSTANT_CONVERSION = YES;
				CLANG_WARN_DEPRECATED_OBJC_IMPLEMENTATIONS = YES;
				CLANG_WARN_DIRECT_OBJC_ISA_USAGE = YES_ERROR;
				CLANG_WARN_DOCUMENTATION_COMMENTS = YES;
				CLANG_WARN_EMPTY_BODY = YES;
				CLANG_WARN_ENUM_CONVERSION = YES;
				CLANG_WARN_INFINITE_RECURSION = YES;
				CLANG_WARN_INT_CONVERSION = YES;
				CLANG_WARN_NON_LITERAL_NULL_CONVERSION = YES;
				CLANG_WARN_OBJC_IMPLICIT_RETAIN_SELF = YES;
				CLANG_WARN_OBJC_LITERAL_CONVERSION = YES;
				CLANG_WARN_OBJC_ROOT_CLASS = YES_ERROR;
				CLANG_WARN_QUOTED_INCLUDE_IN_FRAMEWORK_HEADER = YES;
				CLANG_WARN_RANGE_LOOP_ANALYSIS = YES;
				CLANG_WARN_STRICT_PROTOTYPES = YES;
				CLANG_WARN_SUSPICIOUS_MOVE = YES;
				CLANG_WARN_UNGUARDED_AVAILABILITY = YES_AGGRESSIVE;
				CLANG_WARN_UNREACHABLE_CODE = YES;
				CLANG_WARN__DUPLICATE_METHOD_MATCH = YES;
				COPY_PHASE_STRIP = NO;
				DEBUG_INFORMATION_FORMAT = "dwarf-with-dsym";
				ENABLE_NS_ASSERTIONS = NO;
				ENABLE_STRICT_OBJC_MSGSEND = YES;
				ENABLE_USER_SCRIPT_SANDBOXING = YES;
				GCC_C_LANGUAGE_STANDARD = gnu17;
				GCC_NO_COMMON_BLOCKS = YES;
				GCC_WARN_64_TO_32_BIT_CONVERSION = YES;
				GCC_WARN_ABOUT_RETURN_TYPE = YES_ERROR;
				GCC_WARN_UNDECLARED_SELECTOR = YES;
				GCC_WARN_UNINITIALIZED_AUTOS = YES_AGGRESSIVE;
				GCC_WARN_UNUSED_FUNCTION = YES;
				GCC_WARN_UNUSED_VARIABLE = YES;
				LOCALIZATION_PREFERS_STRING_CATALOGS = YES;
				MACOSX_DEPLOYMENT_TARGET = 15.0;
				MTL_ENABLE_DEBUG_INFO = NO;
				MTL_FAST_MATH = YES;
				SDKROOT = macosx;
				SWIFT_COMPILATION_MODE = wholemodule;
			};
			name = Release;
		};
		F637910B2E4C3D9600F732A5 /* Debug */ = {
			isa = XCBuildConfiguration;
			buildSettings = {
				ASSETCATALOG_COMPILER_APPICON_NAME = AppIcon;
				ASSETCATALOG_COMPILER_GLOBAL_ACCENT_COLOR_NAME = AccentColor;
				CODE_SIGN_ENTITLEMENTS = DeltaToast/DeltaToast.entitlements;
				CODE_SIGN_IDENTITY = "Apple Development";
				CODE_SIGN_STYLE = Automatic;
				COMBINE_HIDPI_IMAGES = YES;
				CURRENT_PROJECT_VERSION = 1;
				DEVELOPMENT_ASSET_PATHS = "\"DeltaToast/Preview Content\"";
				DEVELOPMENT_TEAM = 46T8W6J2U7;
				ENABLE_HARDENED_RUNTIME = NO;
				ENABLE_PREVIEWS = YES;
				FRAMEWORK_SEARCH_PATHS = "";
				GENERATE_INFOPLIST_FILE = YES;
				INFOPLIST_FILE = DeltaToast/Info.plist;
				INFOPLIST_KEY_NSHumanReadableCopyright = "";
				LD_RUNPATH_SEARCH_PATHS = (
					"$(inherited)",
					"@executable_path/../Frameworks",
				);
				MARKETING_VERSION = 1.0;
				PRODUCT_BUNDLE_IDENTIFIER = me.lewismcclelland.DeltaToast;
				PRODUCT_NAME = "$(TARGET_NAME)";
				PROVISIONING_PROFILE_SPECIFIER = "";
				SWIFT_EMIT_LOC_STRINGS = YES;
				SWIFT_VERSION = 6.0;
				SYSTEM_FRAMEWORK_SEARCH_PATHS = "$(inherited)";
			};
			name = Debug;
		};
		F637910C2E4C3D9600F732A5 /* Release */ = {
			isa = XCBuildConfiguration;
			buildSettings = {
				ASSETCATALOG_COMPILER_APPICON_NAME = AppIcon;
				ASSETCATALOG_COMPILER_GLOBAL_ACCENT_COLOR_NAME = AccentColor;
				CODE_SIGN_ENTITLEMENTS = DeltaToast/DeltaToast.entitlements;
				CODE_SIGN_IDENTITY = "Apple Development";
				CODE_SIGN_STYLE = Automatic;
				COMBINE_HIDPI_IMAGES = YES;
				CURRENT_PROJECT_VERSION = 1;
				DEVELOPMENT_ASSET_PATHS = "\"DeltaToast/Preview Content\"";
				DEVELOPMENT_TEAM = 46T8W6J2U7;
				ENABLE_HARDENED_RUNTIME = NO;
				ENABLE_PREVIEWS = YES;
				FRAMEWORK_SEARCH_PATHS = "";
				GENERATE_INFOPLIST_FILE = YES;
				INFOPLIST_FILE = DeltaToast/Info.plist;
				INFOPLIST_KEY_NSHumanReadableCopyright = "";
				LD_RUNPATH_SEARCH_PATHS = (
					"$(inherited)",
					"@executable_path/../Frameworks",
				);
				MARKETING_VERSION = 1.0;
				PRODUCT_BUNDLE_IDENTIFIER = me.lewismcclelland.DeltaToast;
				PRODUCT_NAME = "$(TARGET_NAME)";
				PROVISIONING_PROFILE_SPECIFIER = "";
				SWIFT_EMIT_LOC_STRINGS = YES;
				SWIFT_VERSION = 6.0;
				SYSTEM_FRAMEWORK_SEARCH_PATHS = "$(inherited)";
			};
			name = Release;
		};
		F637910E2E4C3D9600F732A5 /* Debug */ = {
			isa = XCBuildConfiguration;
			buildSettings = {
				BUNDLE_LOADER = "$(TEST_HOST)";
				CODE_SIGN_STYLE = Automatic;
				CURRENT_PROJECT_VERSION = 1;
				DEVELOPMENT_TEAM = 46T8W6J2U7;
				GENERATE_INFOPLIST_FILE = YES;
				MACOSX_DEPLOYMENT_TARGET = 15.0;
				MARKETING_VERSION = 1.0;
				PRODUCT_BUNDLE_IDENTIFIER = me.lewismcclelland.DeltaToastTests;
				PRODUCT_NAME = "$(TARGET_NAME)";
				SWIFT_EMIT_LOC_STRINGS = NO;
				SWIFT_VERSION = 5.0;
				TEST_HOST = "$(BUILT_PRODUCTS_DIR)/DeltaToast.app/$(BUNDLE_EXECUTABLE_FOLDER_PATH)/DeltaToast";
			};
			name = Debug;
		};
		F637910F2E4C3D9600F732A5 /* Release */ = {
			isa = XCBuildConfiguration;
			buildSettings = {
				BUNDLE_LOADER = "$(TEST_HOST)";
				CODE_SIGN_STYLE = Automatic;
				CURRENT_PROJECT_VERSION = 1;
				DEVELOPMENT_TEAM = 46T8W6J2U7;
				GENERATE_INFOPLIST_FILE = YES;
				MACOSX_DEPLOYMENT_TARGET = 15.0;
				MARKETING_VERSION = 1.0;
				PRODUCT_BUNDLE_IDENTIFIER = me.lewismcclelland.DeltaToastTests;
				PRODUCT_NAME = "$(TARGET_NAME)";
				SWIFT_EMIT_LOC_STRINGS = NO;
				SWIFT_VERSION = 5.0;
				TEST_HOST = "$(BUILT_PRODUCTS_DIR)/DeltaToast.app/$(BUNDLE_EXECUTABLE_FOLDER_PATH)/DeltaToast";
			};
			name = Release;
		};
		F63791112E4C3D9600F732A5 /* Debug */ = {
			isa = XCBuildConfiguration;
			buildSettings = {
				CODE_SIGN_STYLE = Automatic;
				CURRENT_PROJECT_VERSION = 1;
				DEVELOPMENT_TEAM = 46T8W6J2U7;
				GENERATE_INFOPLIST_FILE = YES;
				MARKETING_VERSION = 1.0;
				PRODUCT_BUNDLE_IDENTIFIER = me.lewismcclelland.DeltaToastUITests;
				PRODUCT_NAME = "$(TARGET_NAME)";
				SWIFT_EMIT_LOC_STRINGS = NO;
				SWIFT_VERSION = 5.0;
				TEST_TARGET_NAME = DeltaToast;
			};
			name = Debug;
		};
		F63791122E4C3D9600F732A5 /* Release */ = {
			isa = XCBuildConfiguration;
			buildSettings = {
				CODE_SIGN_STYLE = Automatic;
				CURRENT_PROJECT_VERSION = 1;
				DEVELOPMENT_TEAM = 46T8W6J2U7;
				GENERATE_INFOPLIST_FILE = YES;
				MARKETING_VERSION = 1.0;
				PRODUCT_BUNDLE_IDENTIFIER = me.lewismcclelland.DeltaToastUITests;
				PRODUCT_NAME = "$(TARGET_NAME)";
				SWIFT_EMIT_LOC_STRINGS = NO;
				SWIFT_VERSION = 5.0;
				TEST_TARGET_NAME = DeltaToast;
			};
			name = Release;
		};
/* End XCBuildConfiguration section */

/* Begin XCConfigurationList section */
		F63790E02E4C3D9500F732A5 /* Build configuration list for PBXProject "DeltaToast" */ = {
			isa = XCConfigurationList;
			buildConfigurations = (
				F63791082E4C3D9600F732A5 /* Debug */,
				F63791092E4C3D9600F732A5 /* Release */,
			);
			defaultConfigurationIsVisible = 0;
			defaultConfigurationName = Release;
		};
		F637910A2E4C3D9600F732A5 /* Build configuration list for PBXNativeTarget "DeltaToast" */ = {
			isa = XCConfigurationList;
			buildConfigurations = (
				F637910B2E4C3D9600F732A5 /* Debug */,
				F637910C2E4C3D9600F732A5 /* Release */,
			);
			defaultConfigurationIsVisible = 0;
			defaultConfigurationName = Release;
		};
		F637910D2E4C3D9600F732A5 /* Build configuration list for PBXNativeTarget "DeltaToastTests" */ = {
			isa = XCConfigurationList;
			buildConfigurations = (
				F637910E2E4C3D9600F732A5 /* Debug */,
				F637910F2E4C3D9600F732A5 /* Release */,
			);
			defaultConfigurationIsVisible = 0;
			defaultConfigurationName = Release;
		};
		F63791102E4C3D9600F732A5 /* Build configuration list for PBXNativeTarget "DeltaToastUITests" */ = {
			isa = XCConfigurationList;
			buildConfigurations = (
				F63791112E4C3D9600F732A5 /* Debug */,
				F63791122E4C3D9600F732A5 /* Release */,
			);
			defaultConfigurationIsVisible = 0;
			defaultConfigurationName = Release;
		};
/* End XCConfigurationList section */
	};
	rootObject = F63790DD2E4C3D9500F732A5 /* Project object */;
}
